DEPENDENCIES
  mariadb
    git: https://github.com/joerocklin/chef-mariadb.git
    revision: cb19e8be2caa6d4e7d9da3528e36c0a3a3ce7ec0
  nginx
    git: https://github.com/miketheman/nginx.git
    revision: e128a0ad7322b0d406857aac5efc7a1c1cb824cd
  python
    git: https://github.com/poise/python.git
    revision: 234852013622673c106a21c0abaa291280e46c4e

GRAPH
  apt (2.6.0)
  bluepill (2.3.1)
    rsyslog (>= 0.0.0)
  build-essential (2.1.0)
  chef-sugar (2.4.1)
  mariadb (2.1.0)
    apt (~> 2.0)
    build-essential (~> 2.0)
    openssl (~> 2.0)
    yum (~> 3.0)
    yum-epel (>= 0.0.0)
  nginx (2.7.4)
    apt (~> 2.2)
    bluepill (~> 2.3)
    build-essential (~> 2.0)
    ohai (~> 2.0)
    runit (~> 1.2)
    yum-epel (~> 0.3)
  ohai (2.0.1)
  openssl (2.0.0)
    chef-sugar (>= 0.0.0)
  python (1.4.7)
    build-essential (>= 0.0.0)
    yum-epel (>= 0.0.0)
  rsyslog (1.12.2)
  runit (1.5.10)
    build-essential (>= 0.0.0)
    yum (~> 3.0)
    yum-epel (>= 0.0.0)
  yum (3.3.2)
  yum-epel (0.5.1)
    yum (~> 3.0)
